{
  "pins" : [
    {
      "identity" : "terraios",
      "kind" : "remoteSourceControl",
      "location" : "https://github.com/tryterra/TerraiOS",
      "state" : {
        "revision" : "9c4b2718d9b32919d6a4b32c5198168c598ee3dc",
        "version" : "1.3.20"
      }
    },
    {
      "identity" : "terrartios",
      "kind" : "remoteSourceControl",
      "location" : "https://github.com/tryterra/TerraRTiOS",
      "state" : {
        "branch" : "master",
        "revision" : "fb5637fb47e2a578e0142c702da3e8a1744964a0"
      }
    }
  ],
  "version" : 2
}
